
Microsoft Visual Studio Solution File, Format Version 12.00
# Visual Studio 14
VisualStudioVersion = 14.0.25123.0
MinimumVisualStudioVersion = 10.0.40219.1
Project("{FAE04EC0-301F-11D3-BF4B-00C04F79EFBC}") = "VoteApp.Droid", "VoteApp\VoteApp.Droid\VoteApp.Droid.csproj", "{050E3F1B-930E-4FA8-A7CB-6A3C01A475E7}"
EndProject
Project("{FAE04EC0-301F-11D3-BF4B-00C04F79EFBC}") = "VoteApp.iOS", "VoteApp\VoteApp.iOS\VoteApp.iOS.csproj", "{69829FB1-5701-480B-8CF5-6A88587F614F}"
EndProject
Project("{FAE04EC0-301F-11D3-BF4B-00C04F79EFBC}") = "VoteApp.WinPhone", "VoteApp\VoteApp.WinPhone\VoteApp.WinPhone.csproj", "{61929771-B2DB-4478-A527-146128567166}"
EndProject
Project("{FAE04EC0-301F-11D3-BF4B-00C04F79EFBC}") = "VoteApp.UWP", "VoteApp\VoteApp.UWP\VoteApp.UWP.csproj", "{01CA3A24-6D56-4D28-A0B5-45720A950C1F}"
EndProject
Project("{FAE04EC0-301F-11D3-BF4B-00C04F79EFBC}") = "VoteApp.Windows", "VoteApp\VoteApp.Windows\VoteApp.Windows.csproj", "{6BDAF5AA-43AD-40A8-9E42-05C342A2F300}"
EndProject
Project("{FAE04EC0-301F-11D3-BF4B-00C04F79EFBC}") = "VoteApp", "VoteApp\VoteApp\VoteApp.csproj", "{AD7507C7-15B0-48C0-B54C-F91CFFD42C14}"
EndProject
Global
	GlobalSection(SolutionConfigurationPlatforms) = preSolution
		Ad-Hoc|Any CPU = Ad-Hoc|Any CPU
		Ad-Hoc|ARM = Ad-Hoc|ARM
		Ad-Hoc|iPhone = Ad-Hoc|iPhone
		Ad-Hoc|iPhoneSimulator = Ad-Hoc|iPhoneSimulator
		Ad-Hoc|x64 = Ad-Hoc|x64
		Ad-Hoc|x86 = Ad-Hoc|x86
		AppStore|Any CPU = AppStore|Any CPU
		AppStore|ARM = AppStore|ARM
		AppStore|iPhone = AppStore|iPhone
		AppStore|iPhoneSimulator = AppStore|iPhoneSimulator
		AppStore|x64 = AppStore|x64
		AppStore|x86 = AppStore|x86
		Debug|Any CPU = Debug|Any CPU
		Debug|ARM = Debug|ARM
		Debug|iPhone = Debug|iPhone
		Debug|iPhoneSimulator = Debug|iPhoneSimulator
		Debug|x64 = Debug|x64
		Debug|x86 = Debug|x86
		Release|Any CPU = Release|Any CPU
		Release|ARM = Release|ARM
		Release|iPhone = Release|iPhone
		Release|iPhoneSimulator = Release|iPhoneSimulator
		Release|x64 = Release|x64
		Release|x86 = Release|x86
	EndGlobalSection
	GlobalSection(ProjectConfigurationPlatforms) = postSolution
		{050E3F1B-930E-4FA8-A7CB-6A3C01A475E7}.Ad-Hoc|Any CPU.ActiveCfg = Release|Any CPU
		{050E3F1B-930E-4FA8-A7CB-6A3C01A475E7}.Ad-Hoc|Any CPU.Build.0 = Release|Any CPU
		{050E3F1B-930E-4FA8-A7CB-6A3C01A475E7}.Ad-Hoc|Any CPU.Deploy.0 = Release|Any CPU
		{050E3F1B-930E-4FA8-A7CB-6A3C01A475E7}.Ad-Hoc|ARM.ActiveCfg = Release|Any CPU
		{050E3F1B-930E-4FA8-A7CB-6A3C01A475E7}.Ad-Hoc|ARM.Build.0 = Release|Any CPU
		{050E3F1B-930E-4FA8-A7CB-6A3C01A475E7}.Ad-Hoc|ARM.Deploy.0 = Release|Any CPU
		{050E3F1B-930E-4FA8-A7CB-6A3C01A475E7}.Ad-Hoc|iPhone.ActiveCfg = Release|Any CPU
		{050E3F1B-930E-4FA8-A7CB-6A3C01A475E7}.Ad-Hoc|iPhone.Build.0 = Release|Any CPU
		{050E3F1B-930E-4FA8-A7CB-6A3C01A475E7}.Ad-Hoc|iPhone.Deploy.0 = Release|Any CPU
		{050E3F1B-930E-4FA8-A7CB-6A3C01A475E7}.Ad-Hoc|iPhoneSimulator.ActiveCfg = Release|Any CPU
		{050E3F1B-930E-4FA8-A7CB-6A3C01A475E7}.Ad-Hoc|iPhoneSimulator.Build.0 = Release|Any CPU
		{050E3F1B-930E-4FA8-A7CB-6A3C01A475E7}.Ad-Hoc|iPhoneSimulator.Deploy.0 = Release|Any CPU
		{050E3F1B-930E-4FA8-A7CB-6A3C01A475E7}.Ad-Hoc|x64.ActiveCfg = Release|Any CPU
		{050E3F1B-930E-4FA8-A7CB-6A3C01A475E7}.Ad-Hoc|x64.Build.0 = Release|Any CPU
		{050E3F1B-930E-4FA8-A7CB-6A3C01A475E7}.Ad-Hoc|x64.Deploy.0 = Release|Any CPU
		{050E3F1B-930E-4FA8-A7CB-6A3C01A475E7}.Ad-Hoc|x86.ActiveCfg = Release|Any CPU
		{050E3F1B-930E-4FA8-A7CB-6A3C01A475E7}.Ad-Hoc|x86.Build.0 = Release|Any CPU
		{050E3F1B-930E-4FA8-A7CB-6A3C01A475E7}.Ad-Hoc|x86.Deploy.0 = Release|Any CPU
		{050E3F1B-930E-4FA8-A7CB-6A3C01A475E7}.AppStore|Any CPU.ActiveCfg = Release|Any CPU
		{050E3F1B-930E-4FA8-A7CB-6A3C01A475E7}.AppStore|Any CPU.Build.0 = Release|Any CPU
		{050E3F1B-930E-4FA8-A7CB-6A3C01A475E7}.AppStore|Any CPU.Deploy.0 = Release|Any CPU
		{050E3F1B-930E-4FA8-A7CB-6A3C01A475E7}.AppStore|ARM.ActiveCfg = Release|Any CPU
		{050E3F1B-930E-4FA8-A7CB-6A3C01A475E7}.AppStore|ARM.Build.0 = Release|Any CPU
		{050E3F1B-930E-4FA8-A7CB-6A3C01A475E7}.AppStore|ARM.Deploy.0 = Release|Any CPU
		{050E3F1B-930E-4FA8-A7CB-6A3C01A475E7}.AppStore|iPhone.ActiveCfg = Release|Any CPU
		{050E3F1B-930E-4FA8-A7CB-6A3C01A475E7}.AppStore|iPhone.Build.0 = Release|Any CPU
		{050E3F1B-930E-4FA8-A7CB-6A3C01A475E7}.AppStore|iPhone.Deploy.0 = Release|Any CPU
		{050E3F1B-930E-4FA8-A7CB-6A3C01A475E7}.AppStore|iPhoneSimulator.ActiveCfg = Release|Any CPU
		{050E3F1B-930E-4FA8-A7CB-6A3C01A475E7}.AppStore|iPhoneSimulator.Build.0 = Release|Any CPU
		{050E3F1B-930E-4FA8-A7CB-6A3C01A475E7}.AppStore|iPhoneSimulator.Deploy.0 = Release|Any CPU
		{050E3F1B-930E-4FA8-A7CB-6A3C01A475E7}.AppStore|x64.ActiveCfg = Release|Any CPU
		{050E3F1B-930E-4FA8-A7CB-6A3C01A475E7}.AppStore|x64.Build.0 = Release|Any CPU
		{050E3F1B-930E-4FA8-A7CB-6A3C01A475E7}.AppStore|x64.Deploy.0 = Release|Any CPU
		{050E3F1B-930E-4FA8-A7CB-6A3C01A475E7}.AppStore|x86.ActiveCfg = Release|Any CPU
		{050E3F1B-930E-4FA8-A7CB-6A3C01A475E7}.AppStore|x86.Build.0 = Release|Any CPU
		{050E3F1B-930E-4FA8-A7CB-6A3C01A475E7}.AppStore|x86.Deploy.0 = Release|Any CPU
		{050E3F1B-930E-4FA8-A7CB-6A3C01A475E7}.Debug|Any CPU.ActiveCfg = Debug|Any CPU
		{050E3F1B-930E-4FA8-A7CB-6A3C01A475E7}.Debug|Any CPU.Build.0 = Debug|Any CPU
		{050E3F1B-930E-4FA8-A7CB-6A3C01A475E7}.Debug|Any CPU.Deploy.0 = Debug|Any CPU
		{050E3F1B-930E-4FA8-A7CB-6A3C01A475E7}.Debug|ARM.ActiveCfg = Debug|Any CPU
		{050E3F1B-930E-4FA8-A7CB-6A3C01A475E7}.Debug|ARM.Build.0 = Debug|Any CPU
		{050E3F1B-930E-4FA8-A7CB-6A3C01A475E7}.Debug|ARM.Deploy.0 = Debug|Any CPU
		{050E3F1B-930E-4FA8-A7CB-6A3C01A475E7}.Debug|iPhone.ActiveCfg = Debug|Any CPU
		{050E3F1B-930E-4FA8-A7CB-6A3C01A475E7}.Debug|iPhone.Build.0 = Debug|Any CPU
		{050E3F1B-930E-4FA8-A7CB-6A3C01A475E7}.Debug|iPhone.Deploy.0 = Debug|Any CPU
		{050E3F1B-930E-4FA8-A7CB-6A3C01A475E7}.Debug|iPhoneSimulator.ActiveCfg = Debug|Any CPU
		{050E3F1B-930E-4FA8-A7CB-6A3C01A475E7}.Debug|iPhoneSimulator.Build.0 = Debug|Any CPU
		{050E3F1B-930E-4FA8-A7CB-6A3C01A475E7}.Debug|iPhoneSimulator.Deploy.0 = Debug|Any CPU
		{050E3F1B-930E-4FA8-A7CB-6A3C01A475E7}.Debug|x64.ActiveCfg = Debug|Any CPU
		{050E3F1B-930E-4FA8-A7CB-6A3C01A475E7}.Debug|x64.Build.0 = Debug|Any CPU
		{050E3F1B-930E-4FA8-A7CB-6A3C01A475E7}.Debug|x64.Deploy.0 = Debug|Any CPU
		{050E3F1B-930E-4FA8-A7CB-6A3C01A475E7}.Debug|x86.ActiveCfg = Debug|Any CPU
		{050E3F1B-930E-4FA8-A7CB-6A3C01A475E7}.Debug|x86.Build.0 = Debug|Any CPU
		{050E3F1B-930E-4FA8-A7CB-6A3C01A475E7}.Debug|x86.Deploy.0 = Debug|Any CPU
		{050E3F1B-930E-4FA8-A7CB-6A3C01A475E7}.Release|Any CPU.ActiveCfg = Release|Any CPU
		{050E3F1B-930E-4FA8-A7CB-6A3C01A475E7}.Release|Any CPU.Build.0 = Release|Any CPU
		{050E3F1B-930E-4FA8-A7CB-6A3C01A475E7}.Release|Any CPU.Deploy.0 = Release|Any CPU
		{050E3F1B-930E-4FA8-A7CB-6A3C01A475E7}.Release|ARM.ActiveCfg = Release|Any CPU
		{050E3F1B-930E-4FA8-A7CB-6A3C01A475E7}.Release|ARM.Build.0 = Release|Any CPU
		{050E3F1B-930E-4FA8-A7CB-6A3C01A475E7}.Release|ARM.Deploy.0 = Release|Any CPU
		{050E3F1B-930E-4FA8-A7CB-6A3C01A475E7}.Release|iPhone.ActiveCfg = Release|Any CPU
		{050E3F1B-930E-4FA8-A7CB-6A3C01A475E7}.Release|iPhone.Build.0 = Release|Any CPU
		{050E3F1B-930E-4FA8-A7CB-6A3C01A475E7}.Release|iPhone.Deploy.0 = Release|Any CPU
		{050E3F1B-930E-4FA8-A7CB-6A3C01A475E7}.Release|iPhoneSimulator.ActiveCfg = Release|Any CPU
		{050E3F1B-930E-4FA8-A7CB-6A3C01A475E7}.Release|iPhoneSimulator.Build.0 = Release|Any CPU
		{050E3F1B-930E-4FA8-A7CB-6A3C01A475E7}.Release|iPhoneSimulator.Deploy.0 = Release|Any CPU
		{050E3F1B-930E-4FA8-A7CB-6A3C01A475E7}.Release|x64.ActiveCfg = Release|Any CPU
		{050E3F1B-930E-4FA8-A7CB-6A3C01A475E7}.Release|x64.Build.0 = Release|Any CPU
		{050E3F1B-930E-4FA8-A7CB-6A3C01A475E7}.Release|x64.Deploy.0 = Release|Any CPU
		{050E3F1B-930E-4FA8-A7CB-6A3C01A475E7}.Release|x86.ActiveCfg = Release|Any CPU
		{050E3F1B-930E-4FA8-A7CB-6A3C01A475E7}.Release|x86.Build.0 = Release|Any CPU
		{050E3F1B-930E-4FA8-A7CB-6A3C01A475E7}.Release|x86.Deploy.0 = Release|Any CPU
		{69829FB1-5701-480B-8CF5-6A88587F614F}.Ad-Hoc|Any CPU.ActiveCfg = Ad-Hoc|iPhone
		{69829FB1-5701-480B-8CF5-6A88587F614F}.Ad-Hoc|ARM.ActiveCfg = Ad-Hoc|iPhone
		{69829FB1-5701-480B-8CF5-6A88587F614F}.Ad-Hoc|iPhone.ActiveCfg = Ad-Hoc|iPhone
		{69829FB1-5701-480B-8CF5-6A88587F614F}.Ad-Hoc|iPhone.Build.0 = Ad-Hoc|iPhone
		{69829FB1-5701-480B-8CF5-6A88587F614F}.Ad-Hoc|iPhoneSimulator.ActiveCfg = Ad-Hoc|iPhoneSimulator
		{69829FB1-5701-480B-8CF5-6A88587F614F}.Ad-Hoc|iPhoneSimulator.Build.0 = Ad-Hoc|iPhoneSimulator
		{69829FB1-5701-480B-8CF5-6A88587F614F}.Ad-Hoc|x64.ActiveCfg = Ad-Hoc|iPhone
		{69829FB1-5701-480B-8CF5-6A88587F614F}.Ad-Hoc|x86.ActiveCfg = Ad-Hoc|iPhone
		{69829FB1-5701-480B-8CF5-6A88587F614F}.AppStore|Any CPU.ActiveCfg = AppStore|iPhone
		{69829FB1-5701-480B-8CF5-6A88587F614F}.AppStore|ARM.ActiveCfg = AppStore|iPhone
		{69829FB1-5701-480B-8CF5-6A88587F614F}.AppStore|iPhone.ActiveCfg = AppStore|iPhone
		{69829FB1-5701-480B-8CF5-6A88587F614F}.AppStore|iPhone.Build.0 = AppStore|iPhone
		{69829FB1-5701-480B-8CF5-6A88587F614F}.AppStore|iPhoneSimulator.ActiveCfg = AppStore|iPhoneSimulator
		{69829FB1-5701-480B-8CF5-6A88587F614F}.AppStore|iPhoneSimulator.Build.0 = AppStore|iPhoneSimulator
		{69829FB1-5701-480B-8CF5-6A88587F614F}.AppStore|x64.ActiveCfg = AppStore|iPhone
		{69829FB1-5701-480B-8CF5-6A88587F614F}.AppStore|x86.ActiveCfg = AppStore|iPhone
		{69829FB1-5701-480B-8CF5-6A88587F614F}.Debug|Any CPU.ActiveCfg = Debug|iPhone
		{69829FB1-5701-480B-8CF5-6A88587F614F}.Debug|ARM.ActiveCfg = Debug|iPhone
		{69829FB1-5701-480B-8CF5-6A88587F614F}.Debug|iPhone.ActiveCfg = Debug|iPhone
		{69829FB1-5701-480B-8CF5-6A88587F614F}.Debug|iPhone.Build.0 = Debug|iPhone
		{69829FB1-5701-480B-8CF5-6A88587F614F}.Debug|iPhoneSimulator.ActiveCfg = Debug|iPhoneSimulator
		{69829FB1-5701-480B-8CF5-6A88587F614F}.Debug|iPhoneSimulator.Build.0 = Debug|iPhoneSimulator
		{69829FB1-5701-480B-8CF5-6A88587F614F}.Debug|x64.ActiveCfg = Debug|iPhone
		{69829FB1-5701-480B-8CF5-6A88587F614F}.Debug|x86.ActiveCfg = Debug|iPhone
		{69829FB1-5701-480B-8CF5-6A88587F614F}.Release|Any CPU.ActiveCfg = Release|iPhone
		{69829FB1-5701-480B-8CF5-6A88587F614F}.Release|ARM.ActiveCfg = Release|iPhone
		{69829FB1-5701-480B-8CF5-6A88587F614F}.Release|iPhone.ActiveCfg = Release|iPhone
		{69829FB1-5701-480B-8CF5-6A88587F614F}.Release|iPhone.Build.0 = Release|iPhone
		{69829FB1-5701-480B-8CF5-6A88587F614F}.Release|iPhoneSimulator.ActiveCfg = Release|iPhoneSimulator
		{69829FB1-5701-480B-8CF5-6A88587F614F}.Release|iPhoneSimulator.Build.0 = Release|iPhoneSimulator
		{69829FB1-5701-480B-8CF5-6A88587F614F}.Release|x64.ActiveCfg = Release|iPhone
		{69829FB1-5701-480B-8CF5-6A88587F614F}.Release|x86.ActiveCfg = Release|iPhone
		{61929771-B2DB-4478-A527-146128567166}.Ad-Hoc|Any CPU.ActiveCfg = Release|Any CPU
		{61929771-B2DB-4478-A527-146128567166}.Ad-Hoc|Any CPU.Build.0 = Release|Any CPU
		{61929771-B2DB-4478-A527-146128567166}.Ad-Hoc|Any CPU.Deploy.0 = Release|Any CPU
		{61929771-B2DB-4478-A527-146128567166}.Ad-Hoc|ARM.ActiveCfg = Release|ARM
		{61929771-B2DB-4478-A527-146128567166}.Ad-Hoc|ARM.Build.0 = Release|ARM
		{61929771-B2DB-4478-A527-146128567166}.Ad-Hoc|ARM.Deploy.0 = Release|ARM
		{61929771-B2DB-4478-A527-146128567166}.Ad-Hoc|iPhone.ActiveCfg = Release|Any CPU
		{61929771-B2DB-4478-A527-146128567166}.Ad-Hoc|iPhone.Build.0 = Release|Any CPU
		{61929771-B2DB-4478-A527-146128567166}.Ad-Hoc|iPhone.Deploy.0 = Release|Any CPU
		{61929771-B2DB-4478-A527-146128567166}.Ad-Hoc|iPhoneSimulator.ActiveCfg = Release|Any CPU
		{61929771-B2DB-4478-A527-146128567166}.Ad-Hoc|iPhoneSimulator.Build.0 = Release|Any CPU
		{61929771-B2DB-4478-A527-146128567166}.Ad-Hoc|iPhoneSimulator.Deploy.0 = Release|Any CPU
		{61929771-B2DB-4478-A527-146128567166}.Ad-Hoc|x64.ActiveCfg = Release|Any CPU
		{61929771-B2DB-4478-A527-146128567166}.Ad-Hoc|x64.Build.0 = Release|Any CPU
		{61929771-B2DB-4478-A527-146128567166}.Ad-Hoc|x64.Deploy.0 = Release|Any CPU
		{61929771-B2DB-4478-A527-146128567166}.Ad-Hoc|x86.ActiveCfg = Release|x86
		{61929771-B2DB-4478-A527-146128567166}.Ad-Hoc|x86.Build.0 = Release|x86
		{61929771-B2DB-4478-A527-146128567166}.Ad-Hoc|x86.Deploy.0 = Release|x86
		{61929771-B2DB-4478-A527-146128567166}.AppStore|Any CPU.ActiveCfg = Release|Any CPU
		{61929771-B2DB-4478-A527-146128567166}.AppStore|Any CPU.Build.0 = Release|Any CPU
		{61929771-B2DB-4478-A527-146128567166}.AppStore|Any CPU.Deploy.0 = Release|Any CPU
		{61929771-B2DB-4478-A527-146128567166}.AppStore|ARM.ActiveCfg = Release|ARM
		{61929771-B2DB-4478-A527-146128567166}.AppStore|ARM.Build.0 = Release|ARM
		{61929771-B2DB-4478-A527-146128567166}.AppStore|ARM.Deploy.0 = Release|ARM
		{61929771-B2DB-4478-A527-146128567166}.AppStore|iPhone.ActiveCfg = Release|Any CPU
		{61929771-B2DB-4478-A527-146128567166}.AppStore|iPhone.Build.0 = Release|Any CPU
		{61929771-B2DB-4478-A527-146128567166}.AppStore|iPhone.Deploy.0 = Release|Any CPU
		{61929771-B2DB-4478-A527-146128567166}.AppStore|iPhoneSimulator.ActiveCfg = Release|Any CPU
		{61929771-B2DB-4478-A527-146128567166}.AppStore|iPhoneSimulator.Build.0 = Release|Any CPU
		{61929771-B2DB-4478-A527-146128567166}.AppStore|iPhoneSimulator.Deploy.0 = Release|Any CPU
		{61929771-B2DB-4478-A527-146128567166}.AppStore|x64.ActiveCfg = Release|Any CPU
		{61929771-B2DB-4478-A527-146128567166}.AppStore|x64.Build.0 = Release|Any CPU
		{61929771-B2DB-4478-A527-146128567166}.AppStore|x64.Deploy.0 = Release|Any CPU
		{61929771-B2DB-4478-A527-146128567166}.AppStore|x86.ActiveCfg = Release|x86
		{61929771-B2DB-4478-A527-146128567166}.AppStore|x86.Build.0 = Release|x86
		{61929771-B2DB-4478-A527-146128567166}.AppStore|x86.Deploy.0 = Release|x86
		{61929771-B2DB-4478-A527-146128567166}.Debug|Any CPU.ActiveCfg = Debug|Any CPU
		{61929771-B2DB-4478-A527-146128567166}.Debug|Any CPU.Build.0 = Debug|Any CPU
		{61929771-B2DB-4478-A527-146128567166}.Debug|Any CPU.Deploy.0 = Debug|Any CPU
		{61929771-B2DB-4478-A527-146128567166}.Debug|ARM.ActiveCfg = Debug|ARM
		{61929771-B2DB-4478-A527-146128567166}.Debug|ARM.Build.0 = Debug|ARM
		{61929771-B2DB-4478-A527-146128567166}.Debug|ARM.Deploy.0 = Debug|ARM
		{61929771-B2DB-4478-A527-146128567166}.Debug|iPhone.ActiveCfg = Debug|Any CPU
		{61929771-B2DB-4478-A527-146128567166}.Debug|iPhone.Build.0 = Debug|Any CPU
		{61929771-B2DB-4478-A527-146128567166}.Debug|iPhone.Deploy.0 = Debug|Any CPU
		{61929771-B2DB-4478-A527-146128567166}.Debug|iPhoneSimulator.ActiveCfg = Debug|Any CPU
		{61929771-B2DB-4478-A527-146128567166}.Debug|iPhoneSimulator.Build.0 = Debug|Any CPU
		{61929771-B2DB-4478-A527-146128567166}.Debug|iPhoneSimulator.Deploy.0 = Debug|Any CPU
		{61929771-B2DB-4478-A527-146128567166}.Debug|x64.ActiveCfg = Debug|Any CPU
		{61929771-B2DB-4478-A527-146128567166}.Debug|x64.Build.0 = Debug|Any CPU
		{61929771-B2DB-4478-A527-146128567166}.Debug|x64.Deploy.0 = Debug|Any CPU
		{61929771-B2DB-4478-A527-146128567166}.Debug|x86.ActiveCfg = Debug|x86
		{61929771-B2DB-4478-A527-146128567166}.Debug|x86.Build.0 = Debug|x86
		{61929771-B2DB-4478-A527-146128567166}.Debug|x86.Deploy.0 = Debug|x86
		{61929771-B2DB-4478-A527-146128567166}.Release|Any CPU.ActiveCfg = Release|Any CPU
		{61929771-B2DB-4478-A527-146128567166}.Release|Any CPU.Build.0 = Release|Any CPU
		{61929771-B2DB-4478-A527-146128567166}.Release|Any CPU.Deploy.0 = Release|Any CPU
		{61929771-B2DB-4478-A527-146128567166}.Release|ARM.ActiveCfg = Release|ARM
		{61929771-B2DB-4478-A527-146128567166}.Release|ARM.Build.0 = Release|ARM
		{61929771-B2DB-4478-A527-146128567166}.Release|ARM.Deploy.0 = Release|ARM
		{61929771-B2DB-4478-A527-146128567166}.Release|iPhone.ActiveCfg = Release|Any CPU
		{61929771-B2DB-4478-A527-146128567166}.Release|iPhone.Build.0 = Release|Any CPU
		{61929771-B2DB-4478-A527-146128567166}.Release|iPhone.Deploy.0 = Release|Any CPU
		{61929771-B2DB-4478-A527-146128567166}.Release|iPhoneSimulator.ActiveCfg = Release|Any CPU
		{61929771-B2DB-4478-A527-146128567166}.Release|iPhoneSimulator.Build.0 = Release|Any CPU
		{61929771-B2DB-4478-A527-146128567166}.Release|iPhoneSimulator.Deploy.0 = Release|Any CPU
		{61929771-B2DB-4478-A527-146128567166}.Release|x64.ActiveCfg = Release|Any CPU
		{61929771-B2DB-4478-A527-146128567166}.Release|x64.Build.0 = Release|Any CPU
		{61929771-B2DB-4478-A527-146128567166}.Release|x64.Deploy.0 = Release|Any CPU
		{61929771-B2DB-4478-A527-146128567166}.Release|x86.ActiveCfg = Release|x86
		{61929771-B2DB-4478-A527-146128567166}.Release|x86.Build.0 = Release|x86
		{61929771-B2DB-4478-A527-146128567166}.Release|x86.Deploy.0 = Release|x86
		{01CA3A24-6D56-4D28-A0B5-45720A950C1F}.Ad-Hoc|Any CPU.ActiveCfg = Release|x86
		{01CA3A24-6D56-4D28-A0B5-45720A950C1F}.Ad-Hoc|Any CPU.Build.0 = Release|x86
		{01CA3A24-6D56-4D28-A0B5-45720A950C1F}.Ad-Hoc|Any CPU.Deploy.0 = Release|x86
		{01CA3A24-6D56-4D28-A0B5-45720A950C1F}.Ad-Hoc|ARM.ActiveCfg = Release|ARM
		{01CA3A24-6D56-4D28-A0B5-45720A950C1F}.Ad-Hoc|ARM.Build.0 = Release|ARM
		{01CA3A24-6D56-4D28-A0B5-45720A950C1F}.Ad-Hoc|ARM.Deploy.0 = Release|ARM
		{01CA3A24-6D56-4D28-A0B5-45720A950C1F}.Ad-Hoc|iPhone.ActiveCfg = Release|x86
		{01CA3A24-6D56-4D28-A0B5-45720A950C1F}.Ad-Hoc|iPhone.Build.0 = Release|x86
		{01CA3A24-6D56-4D28-A0B5-45720A950C1F}.Ad-Hoc|iPhone.Deploy.0 = Release|x86
		{01CA3A24-6D56-4D28-A0B5-45720A950C1F}.Ad-Hoc|iPhoneSimulator.ActiveCfg = Release|x86
		{01CA3A24-6D56-4D28-A0B5-45720A950C1F}.Ad-Hoc|iPhoneSimulator.Build.0 = Release|x86
		{01CA3A24-6D56-4D28-A0B5-45720A950C1F}.Ad-Hoc|iPhoneSimulator.Deploy.0 = Release|x86
		{01CA3A24-6D56-4D28-A0B5-45720A950C1F}.Ad-Hoc|x64.ActiveCfg = Release|x64
		{01CA3A24-6D56-4D28-A0B5-45720A950C1F}.Ad-Hoc|x64.Build.0 = Release|x64
		{01CA3A24-6D56-4D28-A0B5-45720A950C1F}.Ad-Hoc|x64.Deploy.0 = Release|x64
		{01CA3A24-6D56-4D28-A0B5-45720A950C1F}.Ad-Hoc|x86.ActiveCfg = Release|x86
		{01CA3A24-6D56-4D28-A0B5-45720A950C1F}.Ad-Hoc|x86.Build.0 = Release|x86
		{01CA3A24-6D56-4D28-A0B5-45720A950C1F}.Ad-Hoc|x86.Deploy.0 = Release|x86
		{01CA3A24-6D56-4D28-A0B5-45720A950C1F}.AppStore|Any CPU.ActiveCfg = Release|x86
		{01CA3A24-6D56-4D28-A0B5-45720A950C1F}.AppStore|Any CPU.Build.0 = Release|x86
		{01CA3A24-6D56-4D28-A0B5-45720A950C1F}.AppStore|Any CPU.Deploy.0 = Release|x86
		{01CA3A24-6D56-4D28-A0B5-45720A950C1F}.AppStore|ARM.ActiveCfg = Release|ARM
		{01CA3A24-6D56-4D28-A0B5-45720A950C1F}.AppStore|ARM.Build.0 = Release|ARM
		{01CA3A24-6D56-4D28-A0B5-45720A950C1F}.AppStore|ARM.Deploy.0 = Release|ARM
		{01CA3A24-6D56-4D28-A0B5-45720A950C1F}.AppStore|iPhone.ActiveCfg = Release|x86
		{01CA3A24-6D56-4D28-A0B5-45720A950C1F}.AppStore|iPhone.Build.0 = Release|x86
		{01CA3A24-6D56-4D28-A0B5-45720A950C1F}.AppStore|iPhone.Deploy.0 = Release|x86
		{01CA3A24-6D56-4D28-A0B5-45720A950C1F}.AppStore|iPhoneSimulator.ActiveCfg = Release|x86
		{01CA3A24-6D56-4D28-A0B5-45720A950C1F}.AppStore|iPhoneSimulator.Build.0 = Release|x86
		{01CA3A24-6D56-4D28-A0B5-45720A950C1F}.AppStore|iPhoneSimulator.Deploy.0 = Release|x86
		{01CA3A24-6D56-4D28-A0B5-45720A950C1F}.AppStore|x64.ActiveCfg = Release|x64
		{01CA3A24-6D56-4D28-A0B5-45720A950C1F}.AppStore|x64.Build.0 = Release|x64
		{01CA3A24-6D56-4D28-A0B5-45720A950C1F}.AppStore|x64.Deploy.0 = Release|x64
		{01CA3A24-6D56-4D28-A0B5-45720A950C1F}.AppStore|x86.ActiveCfg = Release|x86
		{01CA3A24-6D56-4D28-A0B5-45720A950C1F}.AppStore|x86.Build.0 = Release|x86
		{01CA3A24-6D56-4D28-A0B5-45720A950C1F}.AppStore|x86.Deploy.0 = Release|x86
		{01CA3A24-6D56-4D28-A0B5-45720A950C1F}.Debug|Any CPU.ActiveCfg = Debug|x86
		{01CA3A24-6D56-4D28-A0B5-45720A950C1F}.Debug|ARM.ActiveCfg = Debug|ARM
		{01CA3A24-6D56-4D28-A0B5-45720A950C1F}.Debug|ARM.Build.0 = Debug|ARM
		{01CA3A24-6D56-4D28-A0B5-45720A950C1F}.Debug|ARM.Deploy.0 = Debug|ARM
		{01CA3A24-6D56-4D28-A0B5-45720A950C1F}.Debug|iPhone.ActiveCfg = Debug|x86
		{01CA3A24-6D56-4D28-A0B5-45720A950C1F}.Debug|iPhoneSimulator.ActiveCfg = Debug|x86
		{01CA3A24-6D56-4D28-A0B5-45720A950C1F}.Debug|x64.ActiveCfg = Debug|x64
		{01CA3A24-6D56-4D28-A0B5-45720A950C1F}.Debug|x64.Build.0 = Debug|x64
		{01CA3A24-6D56-4D28-A0B5-45720A950C1F}.Debug|x64.Deploy.0 = Debug|x64
		{01CA3A24-6D56-4D28-A0B5-45720A950C1F}.Debug|x86.ActiveCfg = Debug|x86
		{01CA3A24-6D56-4D28-A0B5-45720A950C1F}.Debug|x86.Build.0 = Debug|x86
		{01CA3A24-6D56-4D28-A0B5-45720A950C1F}.Debug|x86.Deploy.0 = Debug|x86
		{01CA3A24-6D56-4D28-A0B5-45720A950C1F}.Release|Any CPU.ActiveCfg = Release|x86
		{01CA3A24-6D56-4D28-A0B5-45720A950C1F}.Release|ARM.ActiveCfg = Release|ARM
		{01CA3A24-6D56-4D28-A0B5-45720A950C1F}.Release|ARM.Build.0 = Release|ARM
		{01CA3A24-6D56-4D28-A0B5-45720A950C1F}.Release|ARM.Deploy.0 = Release|ARM
		{01CA3A24-6D56-4D28-A0B5-45720A950C1F}.Release|iPhone.ActiveCfg = Release|x86
		{01CA3A24-6D56-4D28-A0B5-45720A950C1F}.Release|iPhoneSimulator.ActiveCfg = Release|x86
		{01CA3A24-6D56-4D28-A0B5-45720A950C1F}.Release|x64.ActiveCfg = Release|x64
		{01CA3A24-6D56-4D28-A0B5-45720A950C1F}.Release|x64.Build.0 = Release|x64
		{01CA3A24-6D56-4D28-A0B5-45720A950C1F}.Release|x64.Deploy.0 = Release|x64
		{01CA3A24-6D56-4D28-A0B5-45720A950C1F}.Release|x86.ActiveCfg = Release|x86
		{01CA3A24-6D56-4D28-A0B5-45720A950C1F}.Release|x86.Build.0 = Release|x86
		{01CA3A24-6D56-4D28-A0B5-45720A950C1F}.Release|x86.Deploy.0 = Release|x86
		{6BDAF5AA-43AD-40A8-9E42-05C342A2F300}.Ad-Hoc|Any CPU.ActiveCfg = Release|Any CPU
		{6BDAF5AA-43AD-40A8-9E42-05C342A2F300}.Ad-Hoc|Any CPU.Build.0 = Release|Any CPU
		{6BDAF5AA-43AD-40A8-9E42-05C342A2F300}.Ad-Hoc|Any CPU.Deploy.0 = Release|Any CPU
		{6BDAF5AA-43AD-40A8-9E42-05C342A2F300}.Ad-Hoc|ARM.ActiveCfg = Release|ARM
		{6BDAF5AA-43AD-40A8-9E42-05C342A2F300}.Ad-Hoc|ARM.Build.0 = Release|ARM
		{6BDAF5AA-43AD-40A8-9E42-05C342A2F300}.Ad-Hoc|ARM.Deploy.0 = Release|ARM
		{6BDAF5AA-43AD-40A8-9E42-05C342A2F300}.Ad-Hoc|iPhone.ActiveCfg = Release|Any CPU
		{6BDAF5AA-43AD-40A8-9E42-05C342A2F300}.Ad-Hoc|iPhone.Build.0 = Release|Any CPU
		{6BDAF5AA-43AD-40A8-9E42-05C342A2F300}.Ad-Hoc|iPhone.Deploy.0 = Release|Any CPU
		{6BDAF5AA-43AD-40A8-9E42-05C342A2F300}.Ad-Hoc|iPhoneSimulator.ActiveCfg = Release|Any CPU
		{6BDAF5AA-43AD-40A8-9E42-05C342A2F300}.Ad-Hoc|iPhoneSimulator.Build.0 = Release|Any CPU
		{6BDAF5AA-43AD-40A8-9E42-05C342A2F300}.Ad-Hoc|iPhoneSimulator.Deploy.0 = Release|Any CPU
		{6BDAF5AA-43AD-40A8-9E42-05C342A2F300}.Ad-Hoc|x64.ActiveCfg = Release|x64
		{6BDAF5AA-43AD-40A8-9E42-05C342A2F300}.Ad-Hoc|x64.Build.0 = Release|x64
		{6BDAF5AA-43AD-40A8-9E42-05C342A2F300}.Ad-Hoc|x64.Deploy.0 = Release|x64
		{6BDAF5AA-43AD-40A8-9E42-05C342A2F300}.Ad-Hoc|x86.ActiveCfg = Release|x86
		{6BDAF5AA-43AD-40A8-9E42-05C342A2F300}.Ad-Hoc|x86.Build.0 = Release|x86
		{6BDAF5AA-43AD-40A8-9E42-05C342A2F300}.Ad-Hoc|x86.Deploy.0 = Release|x86
		{6BDAF5AA-43AD-40A8-9E42-05C342A2F300}.AppStore|Any CPU.ActiveCfg = Release|Any CPU
		{6BDAF5AA-43AD-40A8-9E42-05C342A2F300}.AppStore|Any CPU.Build.0 = Release|Any CPU
		{6BDAF5AA-43AD-40A8-9E42-05C342A2F300}.AppStore|Any CPU.Deploy.0 = Release|Any CPU
		{6BDAF5AA-43AD-40A8-9E42-05C342A2F300}.AppStore|ARM.ActiveCfg = Release|ARM
		{6BDAF5AA-43AD-40A8-9E42-05C342A2F300}.AppStore|ARM.Build.0 = Release|ARM
		{6BDAF5AA-43AD-40A8-9E42-05C342A2F300}.AppStore|ARM.Deploy.0 = Release|ARM
		{6BDAF5AA-43AD-40A8-9E42-05C342A2F300}.AppStore|iPhone.ActiveCfg = Release|Any CPU
		{6BDAF5AA-43AD-40A8-9E42-05C342A2F300}.AppStore|iPhone.Build.0 = Release|Any CPU
		{6BDAF5AA-43AD-40A8-9E42-05C342A2F300}.AppStore|iPhone.Deploy.0 = Release|Any CPU
		{6BDAF5AA-43AD-40A8-9E42-05C342A2F300}.AppStore|iPhoneSimulator.ActiveCfg = Release|Any CPU
		{6BDAF5AA-43AD-40A8-9E42-05C342A2F300}.AppStore|iPhoneSimulator.Build.0 = Release|Any CPU
		{6BDAF5AA-43AD-40A8-9E42-05C342A2F300}.AppStore|iPhoneSimulator.Deploy.0 = Release|Any CPU
		{6BDAF5AA-43AD-40A8-9E42-05C342A2F300}.AppStore|x64.ActiveCfg = Release|x64
		{6BDAF5AA-43AD-40A8-9E42-05C342A2F300}.AppStore|x64.Build.0 = Release|x64
		{6BDAF5AA-43AD-40A8-9E42-05C342A2F300}.AppStore|x64.Deploy.0 = Release|x64
		{6BDAF5AA-43AD-40A8-9E42-05C342A2F300}.AppStore|x86.ActiveCfg = Release|x86
		{6BDAF5AA-43AD-40A8-9E42-05C342A2F300}.AppStore|x86.Build.0 = Release|x86
		{6BDAF5AA-43AD-40A8-9E42-05C342A2F300}.AppStore|x86.Deploy.0 = Release|x86
		{6BDAF5AA-43AD-40A8-9E42-05C342A2F300}.Debug|Any CPU.ActiveCfg = Debug|Any CPU
		{6BDAF5AA-43AD-40A8-9E42-05C342A2F300}.Debug|Any CPU.Build.0 = Debug|Any CPU
		{6BDAF5AA-43AD-40A8-9E42-05C342A2F300}.Debug|Any CPU.Deploy.0 = Debug|Any CPU
		{6BDAF5AA-43AD-40A8-9E42-05C342A2F300}.Debug|ARM.ActiveCfg = Debug|ARM
		{6BDAF5AA-43AD-40A8-9E42-05C342A2F300}.Debug|ARM.Build.0 = Debug|ARM
		{6BDAF5AA-43AD-40A8-9E42-05C342A2F300}.Debug|ARM.Deploy.0 = Debug|ARM
		{6BDAF5AA-43AD-40A8-9E42-05C342A2F300}.Debug|iPhone.ActiveCfg = Debug|Any CPU
		{6BDAF5AA-43AD-40A8-9E42-05C342A2F300}.Debug|iPhone.Build.0 = Debug|Any CPU
		{6BDAF5AA-43AD-40A8-9E42-05C342A2F300}.Debug|iPhone.Deploy.0 = Debug|Any CPU
		{6BDAF5AA-43AD-40A8-9E42-05C342A2F300}.Debug|iPhoneSimulator.ActiveCfg = Debug|Any CPU
		{6BDAF5AA-43AD-40A8-9E42-05C342A2F300}.Debug|iPhoneSimulator.Build.0 = Debug|Any CPU
		{6BDAF5AA-43AD-40A8-9E42-05C342A2F300}.Debug|iPhoneSimulator.Deploy.0 = Debug|Any CPU
		{6BDAF5AA-43AD-40A8-9E42-05C342A2F300}.Debug|x64.ActiveCfg = Debug|x64
		{6BDAF5AA-43AD-40A8-9E42-05C342A2F300}.Debug|x64.Build.0 = Debug|x64
		{6BDAF5AA-43AD-40A8-9E42-05C342A2F300}.Debug|x64.Deploy.0 = Debug|x64
		{6BDAF5AA-43AD-40A8-9E42-05C342A2F300}.Debug|x86.ActiveCfg = Debug|x86
		{6BDAF5AA-43AD-40A8-9E42-05C342A2F300}.Debug|x86.Build.0 = Debug|x86
		{6BDAF5AA-43AD-40A8-9E42-05C342A2F300}.Debug|x86.Deploy.0 = Debug|x86
		{6BDAF5AA-43AD-40A8-9E42-05C342A2F300}.Release|Any CPU.ActiveCfg = Release|Any CPU
		{6BDAF5AA-43AD-40A8-9E42-05C342A2F300}.Release|Any CPU.Build.0 = Release|Any CPU
		{6BDAF5AA-43AD-40A8-9E42-05C342A2F300}.Release|Any CPU.Deploy.0 = Release|Any CPU
		{6BDAF5AA-43AD-40A8-9E42-05C342A2F300}.Release|ARM.ActiveCfg = Release|ARM
		{6BDAF5AA-43AD-40A8-9E42-05C342A2F300}.Release|ARM.Build.0 = Release|ARM
		{6BDAF5AA-43AD-40A8-9E42-05C342A2F300}.Release|ARM.Deploy.0 = Release|ARM
		{6BDAF5AA-43AD-40A8-9E42-05C342A2F300}.Release|iPhone.ActiveCfg = Release|Any CPU
		{6BDAF5AA-43AD-40A8-9E42-05C342A2F300}.Release|iPhone.Build.0 = Release|Any CPU
		{6BDAF5AA-43AD-40A8-9E42-05C342A2F300}.Release|iPhone.Deploy.0 = Release|Any CPU
		{6BDAF5AA-43AD-40A8-9E42-05C342A2F300}.Release|iPhoneSimulator.ActiveCfg = Release|Any CPU
		{6BDAF5AA-43AD-40A8-9E42-05C342A2F300}.Release|iPhoneSimulator.Build.0 = Release|Any CPU
		{6BDAF5AA-43AD-40A8-9E42-05C342A2F300}.Release|iPhoneSimulator.Deploy.0 = Release|Any CPU
		{6BDAF5AA-43AD-40A8-9E42-05C342A2F300}.Release|x64.ActiveCfg = Release|x64
		{6BDAF5AA-43AD-40A8-9E42-05C342A2F300}.Release|x64.Build.0 = Release|x64
		{6BDAF5AA-43AD-40A8-9E42-05C342A2F300}.Release|x64.Deploy.0 = Release|x64
		{6BDAF5AA-43AD-40A8-9E42-05C342A2F300}.Release|x86.ActiveCfg = Release|x86
		{6BDAF5AA-43AD-40A8-9E42-05C342A2F300}.Release|x86.Build.0 = Release|x86
		{6BDAF5AA-43AD-40A8-9E42-05C342A2F300}.Release|x86.Deploy.0 = Release|x86
		{AD7507C7-15B0-48C0-B54C-F91CFFD42C14}.Ad-Hoc|Any CPU.ActiveCfg = Release|Any CPU
		{AD7507C7-15B0-48C0-B54C-F91CFFD42C14}.Ad-Hoc|Any CPU.Build.0 = Release|Any CPU
		{AD7507C7-15B0-48C0-B54C-F91CFFD42C14}.Ad-Hoc|ARM.ActiveCfg = Release|Any CPU
		{AD7507C7-15B0-48C0-B54C-F91CFFD42C14}.Ad-Hoc|ARM.Build.0 = Release|Any CPU
		{AD7507C7-15B0-48C0-B54C-F91CFFD42C14}.Ad-Hoc|iPhone.ActiveCfg = Release|Any CPU
		{AD7507C7-15B0-48C0-B54C-F91CFFD42C14}.Ad-Hoc|iPhone.Build.0 = Release|Any CPU
		{AD7507C7-15B0-48C0-B54C-F91CFFD42C14}.Ad-Hoc|iPhoneSimulator.ActiveCfg = Release|Any CPU
		{AD7507C7-15B0-48C0-B54C-F91CFFD42C14}.Ad-Hoc|iPhoneSimulator.Build.0 = Release|Any CPU
		{AD7507C7-15B0-48C0-B54C-F91CFFD42C14}.Ad-Hoc|x64.ActiveCfg = Release|Any CPU
		{AD7507C7-15B0-48C0-B54C-F91CFFD42C14}.Ad-Hoc|x64.Build.0 = Release|Any CPU
		{AD7507C7-15B0-48C0-B54C-F91CFFD42C14}.Ad-Hoc|x86.ActiveCfg = Release|Any CPU
		{AD7507C7-15B0-48C0-B54C-F91CFFD42C14}.Ad-Hoc|x86.Build.0 = Release|Any CPU
		{AD7507C7-15B0-48C0-B54C-F91CFFD42C14}.AppStore|Any CPU.ActiveCfg = Release|Any CPU
		{AD7507C7-15B0-48C0-B54C-F91CFFD42C14}.AppStore|Any CPU.Build.0 = Release|Any CPU
		{AD7507C7-15B0-48C0-B54C-F91CFFD42C14}.AppStore|ARM.ActiveCfg = Release|Any CPU
		{AD7507C7-15B0-48C0-B54C-F91CFFD42C14}.AppStore|ARM.Build.0 = Release|Any CPU
		{AD7507C7-15B0-48C0-B54C-F91CFFD42C14}.AppStore|iPhone.ActiveCfg = Release|Any CPU
		{AD7507C7-15B0-48C0-B54C-F91CFFD42C14}.AppStore|iPhone.Build.0 = Release|Any CPU
		{AD7507C7-15B0-48C0-B54C-F91CFFD42C14}.AppStore|iPhoneSimulator.ActiveCfg = Release|Any CPU
		{AD7507C7-15B0-48C0-B54C-F91CFFD42C14}.AppStore|iPhoneSimulator.Build.0 = Release|Any CPU
		{AD7507C7-15B0-48C0-B54C-F91CFFD42C14}.AppStore|x64.ActiveCfg = Release|Any CPU
		{AD7507C7-15B0-48C0-B54C-F91CFFD42C14}.AppStore|x64.Build.0 = Release|Any CPU
		{AD7507C7-15B0-48C0-B54C-F91CFFD42C14}.AppStore|x86.ActiveCfg = Release|Any CPU
		{AD7507C7-15B0-48C0-B54C-F91CFFD42C14}.AppStore|x86.Build.0 = Release|Any CPU
		{AD7507C7-15B0-48C0-B54C-F91CFFD42C14}.Debug|Any CPU.ActiveCfg = Debug|Any CPU
		{AD7507C7-15B0-48C0-B54C-F91CFFD42C14}.Debug|Any CPU.Build.0 = Debug|Any CPU
		{AD7507C7-15B0-48C0-B54C-F91CFFD42C14}.Debug|ARM.ActiveCfg = Debug|Any CPU
		{AD7507C7-15B0-48C0-B54C-F91CFFD42C14}.Debug|ARM.Build.0 = Debug|Any CPU
		{AD7507C7-15B0-48C0-B54C-F91CFFD42C14}.Debug|iPhone.ActiveCfg = Debug|Any CPU
		{AD7507C7-15B0-48C0-B54C-F91CFFD42C14}.Debug|iPhone.Build.0 = Debug|Any CPU
		{AD7507C7-15B0-48C0-B54C-F91CFFD42C14}.Debug|iPhoneSimulator.ActiveCfg = Debug|Any CPU
		{AD7507C7-15B0-48C0-B54C-F91CFFD42C14}.Debug|iPhoneSimulator.Build.0 = Debug|Any CPU
		{AD7507C7-15B0-48C0-B54C-F91CFFD42C14}.Debug|x64.ActiveCfg = Debug|Any CPU
		{AD7507C7-15B0-48C0-B54C-F91CFFD42C14}.Debug|x64.Build.0 = Debug|Any CPU
		{AD7507C7-15B0-48C0-B54C-F91CFFD42C14}.Debug|x86.ActiveCfg = Debug|Any CPU
		{AD7507C7-15B0-48C0-B54C-F91CFFD42C14}.Debug|x86.Build.0 = Debug|Any CPU
		{AD7507C7-15B0-48C0-B54C-F91CFFD42C14}.Release|Any CPU.ActiveCfg = Release|Any CPU
		{AD7507C7-15B0-48C0-B54C-F91CFFD42C14}.Release|Any CPU.Build.0 = Release|Any CPU
		{AD7507C7-15B0-48C0-B54C-F91CFFD42C14}.Release|ARM.ActiveCfg = Release|Any CPU
		{AD7507C7-15B0-48C0-B54C-F91CFFD42C14}.Release|ARM.Build.0 = Release|Any CPU
		{AD7507C7-15B0-48C0-B54C-F91CFFD42C14}.Release|iPhone.ActiveCfg = Release|Any CPU
		{AD7507C7-15B0-48C0-B54C-F91CFFD42C14}.Release|iPhone.Build.0 = Release|Any CPU
		{AD7507C7-15B0-48C0-B54C-F91CFFD42C14}.Release|iPhoneSimulator.ActiveCfg = Release|Any CPU
		{AD7507C7-15B0-48C0-B54C-F91CFFD42C14}.Release|iPhoneSimulator.Build.0 = Release|Any CPU
		{AD7507C7-15B0-48C0-B54C-F91CFFD42C14}.Release|x64.ActiveCfg = Release|Any CPU
		{AD7507C7-15B0-48C0-B54C-F91CFFD42C14}.Release|x64.Build.0 = Release|Any CPU
		{AD7507C7-15B0-48C0-B54C-F91CFFD42C14}.Release|x86.ActiveCfg = Release|Any CPU
		{AD7507C7-15B0-48C0-B54C-F91CFFD42C14}.Release|x86.Build.0 = Release|Any CPU
	EndGlobalSection
	GlobalSection(SolutionProperties) = preSolution
		HideSolutionNode = FALSE
	EndGlobalSection
EndGlobal
